
Microsoft Visual Studio Solution File, Format Version 12.00
# Visual Studio Version 16
VisualStudioVersion = 16.0.30804.86
MinimumVisualStudioVersion = 10.0.40219.1
Project("{FAE04EC0-301F-11D3-BF4B-00C04F79EFBC}") = "MasterClassGHA", "MasterClassGHA\MasterClassGHA.csproj", "{082D0162-479A-44A5-BD1C-EBEFBA3CC8CE}"
EndProject
Global
	GlobalSection(SolutionConfigurationPlatforms) = preSolution
		Debug|Any CPU = Debug|Any CPU
		Release|Any CPU = Release|Any CPU
	EndGlobalSection
	GlobalSection(ProjectConfigurationPlatforms) = postSolution
		{082D0162-479A-44A5-BD1C-EBEFBA3CC8CE}.Debug|Any CPU.ActiveCfg = Debug|Any CPU
		{082D0162-479A-44A5-BD1C-EBEFBA3CC8CE}.Debug|Any CPU.Build.0 = Debug|Any CPU
		{082D0162-479A-44A5-BD1C-EBEFBA3CC8CE}.Release|Any CPU.ActiveCfg = Release|Any CPU
		{082D0162-479A-44A5-BD1C-EBEFBA3CC8CE}.Release|Any CPU.Build.0 = Release|Any CPU
	EndGlobalSection
	GlobalSection(SolutionProperties) = preSolution
		HideSolutionNode = FALSE
	EndGlobalSection
	GlobalSection(ExtensibilityGlobals) = postSolution
		SolutionGuid = {4775EA4D-A252-42E3-975A-4E89E0B4FCAD}
	EndGlobalSection
EndGlobal
